// !$*UTF8*$!
{
	archiveVersion = 1;
	classes = {
	};
	objectVersion = 56;
	objects = {

/* Begin PBXBuildFile section */
		AA0000000000000000000001 /* CrownKeepNativeApp.swift in Sources */ = {isa = PBXBuildFile; fileRef = AA0000000000000000000011 /* CrownKeepNativeApp.swift */; };
		AA0000000000000000000002 /* ContentView.swift in Sources */ = {isa = PBXBuildFile; fileRef = AA0000000000000000000012 /* ContentView.swift */; };
		AA0000000000000000000003 /* FoundationModels.framework in Frameworks */ = {isa = PBXBuildFile; fileRef = AA0000000000000000000014 /* FoundationModels.framework */; };
		AA0000000000000000000004 /* CrownKeepBundleSchemeHandler.swift in Sources */ = {isa = PBXBuildFile; fileRef = AA0000000000000000000015 /* CrownKeepBundleSchemeHandler.swift */; };
		AA0000000000000000000005 /* CrownKeepNativeAIController.swift in Sources */ = {isa = PBXBuildFile; fileRef = AA0000000000000000000016 /* CrownKeepNativeAIController.swift */; };
		AA0000000000000000000006 /* CrownKeepWebView.swift in Sources */ = {isa = PBXBuildFile; fileRef = AA0000000000000000000017 /* CrownKeepWebView.swift */; };
		AA0000000000000000000007 /* dist in Resources */ = {isa = PBXBuildFile; fileRef = AA0000000000000000000018 /* dist */; };
		AA0000000000000000000008 /* WebKit.framework in Frameworks */ = {isa = PBXBuildFile; fileRef = AA0000000000000000000019 /* WebKit.framework */; };
/* End PBXBuildFile section */

/* Begin PBXFileReference section */
		AA0000000000000000000010 /* CrownKeepNative.app */ = {isa = PBXFileReference; explicitFileType = wrapper.application; includeInIndex = 0; path = CrownKeepNative.app; sourceTree = BUILT_PRODUCTS_DIR; };
		AA0000000000000000000011 /* CrownKeepNativeApp.swift */ = {isa = PBXFileReference; lastKnownFileType = sourcecode.swift; path = CrownKeepNativeApp.swift; sourceTree = "<group>"; };
		AA0000000000000000000012 /* ContentView.swift */ = {isa = PBXFileReference; lastKnownFileType = sourcecode.swift; path = ContentView.swift; sourceTree = "<group>"; };
		AA0000000000000000000014 /* FoundationModels.framework */ = {isa = PBXFileReference; lastKnownFileType = wrapper.framework; name = FoundationModels.framework; path = System/Library/Frameworks/FoundationModels.framework; sourceTree = SDKROOT; };
		AA0000000000000000000015 /* CrownKeepBundleSchemeHandler.swift */ = {isa = PBXFileReference; lastKnownFileType = sourcecode.swift; path = CrownKeepBundleSchemeHandler.swift; sourceTree = "<group>"; };
		AA0000000000000000000016 /* CrownKeepNativeAIController.swift */ = {isa = PBXFileReference; lastKnownFileType = sourcecode.swift; path = CrownKeepNativeAIController.swift; sourceTree = "<group>"; };
		AA0000000000000000000017 /* CrownKeepWebView.swift */ = {isa = PBXFileReference; lastKnownFileType = sourcecode.swift; path = CrownKeepWebView.swift; sourceTree = "<group>"; };
		AA0000000000000000000018 /* dist */ = {isa = PBXFileReference; lastKnownFileType = folder; name = dist; path = ../../../dist; sourceTree = "<group>"; };
		AA0000000000000000000019 /* WebKit.framework */ = {isa = PBXFileReference; lastKnownFileType = wrapper.framework; name = WebKit.framework; path = System/Library/Frameworks/WebKit.framework; sourceTree = SDKROOT; };
/* End PBXFileReference section */

/* Begin PBXFrameworksBuildPhase section */
		AA0000000000000000000020 /* Frameworks */ = {
			isa = PBXFrameworksBuildPhase;
			buildActionMask = 2147483647;
			files = (
				AA0000000000000000000003 /* FoundationModels.framework in Frameworks */,
				AA0000000000000000000008 /* WebKit.framework in Frameworks */,
			);
			runOnlyForDeploymentPostprocessing = 0;
		};
/* End PBXFrameworksBuildPhase section */

/* Begin PBXGroup section */
		AA0000000000000000000030 = {
			isa = PBXGroup;
			children = (
				AA0000000000000000000031 /* CrownKeepNative */,
				AA0000000000000000000018 /* dist */,
				AA0000000000000000000032 /* Frameworks */,
				AA0000000000000000000033 /* Products */,
			);
			sourceTree = "<group>";
		};
		AA0000000000000000000031 /* CrownKeepNative */ = {
			isa = PBXGroup;
			children = (
				AA0000000000000000000011 /* CrownKeepNativeApp.swift */,
				AA0000000000000000000012 /* ContentView.swift */,
				AA0000000000000000000015 /* CrownKeepBundleSchemeHandler.swift */,
				AA0000000000000000000016 /* CrownKeepNativeAIController.swift */,
				AA0000000000000000000017 /* CrownKeepWebView.swift */,
			);
			path = CrownKeepNative;
			sourceTree = "<group>";
		};
		AA0000000000000000000032 /* Frameworks */ = {
			isa = PBXGroup;
			children = (
				AA0000000000000000000014 /* FoundationModels.framework */,
				AA0000000000000000000019 /* WebKit.framework */,
			);
			name = Frameworks;
			sourceTree = "<group>";
		};
		AA0000000000000000000033 /* Products */ = {
			isa = PBXGroup;
			children = (
				AA0000000000000000000010 /* CrownKeepNative.app */,
			);
			name = Products;
			sourceTree = "<group>";
		};
/* End PBXGroup section */

/* Begin PBXNativeTarget section */
		AA0000000000000000000040 /* CrownKeepNative */ = {
			isa = PBXNativeTarget;
			buildConfigurationList = AA0000000000000000000071 /* Build configuration list for PBXNativeTarget "CrownKeepNative" */;
			buildPhases = (
				AA0000000000000000000050 /* Sources */,
				AA0000000000000000000020 /* Frameworks */,
				AA0000000000000000000051 /* Resources */,
			);
			buildRules = (
			);
			dependencies = (
			);
			name = CrownKeepNative;
			productName = CrownKeepNative;
			productReference = AA0000000000000000000010 /* CrownKeepNative.app */;
			productType = "com.apple.product-type.application";
		};
/* End PBXNativeTarget section */

/* Begin PBXProject section */
		AA0000000000000000000060 /* Project object */ = {
			isa = PBXProject;
			attributes = {
				BuildIndependentTargetsInParallel = 1;
				LastSwiftUpdateCheck = 2700;
				LastUpgradeCheck = 2700;
				TargetAttributes = {
					AA0000000000000000000040 = {
						CreatedOnToolsVersion = 27.0;
					};
				};
			};
			buildConfigurationList = AA0000000000000000000070 /* Build configuration list for PBXProject "CrownKeepNative" */;
			compatibilityVersion = "Xcode 14.0";
			developmentRegion = en;
			hasScannedForEncodings = 0;
			knownRegions = (
				en,
				Base,
			);
			mainGroup = AA0000000000000000000030;
			productRefGroup = AA0000000000000000000033 /* Products */;
			projectDirPath = "";
			projectRoot = "";
			targets = (
				AA0000000000000000000040 /* CrownKeepNative */,
			);
		};
/* End PBXProject section */

/* Begin PBXResourcesBuildPhase section */
		AA0000000000000000000051 /* Resources */ = {
			isa = PBXResourcesBuildPhase;
			buildActionMask = 2147483647;
			files = (
				AA0000000000000000000007 /* dist in Resources */,
			);
			runOnlyForDeploymentPostprocessing = 0;
		};
/* End PBXResourcesBuildPhase section */

/* Begin PBXSourcesBuildPhase section */
		AA0000000000000000000050 /* Sources */ = {
			isa = PBXSourcesBuildPhase;
			buildActionMask = 2147483647;
			files = (
				AA0000000000000000000001 /* CrownKeepNativeApp.swift in Sources */,
				AA0000000000000000000002 /* ContentView.swift in Sources */,
				AA0000000000000000000004 /* CrownKeepBundleSchemeHandler.swift in Sources */,
				AA0000000000000000000005 /* CrownKeepNativeAIController.swift in Sources */,
				AA0000000000000000000006 /* CrownKeepWebView.swift in Sources */,
			);
			runOnlyForDeploymentPostprocessing = 0;
		};
/* End PBXSourcesBuildPhase section */

/* Begin XCBuildConfiguration section */
		AA0000000000000000000080 /* Debug */ = {
			isa = XCBuildConfiguration;
			buildSettings = {
				ALWAYS_SEARCH_USER_PATHS = NO;
				CLANG_ENABLE_MODULES = YES;
				ENABLE_STRICT_OBJC_MSGSEND = YES;
				GCC_C_LANGUAGE_STANDARD = gnu17;
				IPHONEOS_DEPLOYMENT_TARGET = 26.0;
				SDKROOT = iphoneos;
				SWIFT_VERSION = 5.0;
			};
			name = Debug;
		};
		AA0000000000000000000081 /* Release */ = {
			isa = XCBuildConfiguration;
			buildSettings = {
				ALWAYS_SEARCH_USER_PATHS = NO;
				CLANG_ENABLE_MODULES = YES;
				ENABLE_STRICT_OBJC_MSGSEND = YES;
				GCC_C_LANGUAGE_STANDARD = gnu17;
				IPHONEOS_DEPLOYMENT_TARGET = 26.0;
				SDKROOT = iphoneos;
				SWIFT_VERSION = 5.0;
			};
			name = Release;
		};
		AA0000000000000000000090 /* Debug */ = {
			isa = XCBuildConfiguration;
			buildSettings = {
				ASSETCATALOG_COMPILER_GENERATE_SWIFT_ASSET_SYMBOL_EXTENSIONS = YES;
				CODE_SIGN_STYLE = Automatic;
				CURRENT_PROJECT_VERSION = 1;
				ENABLE_PREVIEWS = YES;
				GENERATE_INFOPLIST_FILE = YES;
				INFOPLIST_KEY_CFBundleDisplayName = CrownKeep;
				INFOPLIST_KEY_LSApplicationCategoryType = "public.app-category.productivity";
				INFOPLIST_KEY_UIApplicationSupportsIndirectInputEvents = YES;
				INFOPLIST_KEY_UILaunchScreen_Generation = YES;
				INFOPLIST_KEY_UISupportedInterfaceOrientations = UIInterfaceOrientationPortrait;
				IPHONEOS_DEPLOYMENT_TARGET = 26.0;
				MARKETING_VERSION = 0.1.0;
				DEVELOPMENT_TEAM = QS3773YNR5;
				PRODUCT_BUNDLE_IDENTIFIER = com.royaldigitalclarity.crownkeep.dev;
				PRODUCT_NAME = "$(TARGET_NAME)";
				SUPPORTED_PLATFORMS = "iphoneos iphonesimulator";
				SWIFT_EMIT_LOC_STRINGS = YES;
				SWIFT_VERSION = 5.0;
				TARGETED_DEVICE_FAMILY = 1;
			};
			name = Debug;
		};
		AA0000000000000000000091 /* Release */ = {
			isa = XCBuildConfiguration;
			buildSettings = {
				CODE_SIGN_STYLE = Automatic;
				CURRENT_PROJECT_VERSION = 1;
				GENERATE_INFOPLIST_FILE = YES;
				INFOPLIST_KEY_CFBundleDisplayName = CrownKeep;
				INFOPLIST_KEY_LSApplicationCategoryType = "public.app-category.productivity";
				INFOPLIST_KEY_UIApplicationSupportsIndirectInputEvents = YES;
				INFOPLIST_KEY_UILaunchScreen_Generation = YES;
				INFOPLIST_KEY_UISupportedInterfaceOrientations = UIInterfaceOrientationPortrait;
				IPHONEOS_DEPLOYMENT_TARGET = 26.0;
				MARKETING_VERSION = 0.1.0;
				DEVELOPMENT_TEAM = QS3773YNR5;
				PRODUCT_BUNDLE_IDENTIFIER = com.royaldigitalclarity.crownkeep.dev;
				PRODUCT_NAME = "$(TARGET_NAME)";
				SUPPORTED_PLATFORMS = "iphoneos iphonesimulator";
				SWIFT_VERSION = 5.0;
				TARGETED_DEVICE_FAMILY = 1;
			};
			name = Release;
		};
/* End XCBuildConfiguration section */

/* Begin XCConfigurationList section */
		AA0000000000000000000070 /* Build configuration list for PBXProject "CrownKeepNative" */ = {
			isa = XCConfigurationList;
			buildConfigurations = (
				AA0000000000000000000080 /* Debug */,
				AA0000000000000000000081 /* Release */,
			);
			defaultConfigurationIsVisible = 0;
			defaultConfigurationName = Release;
		};
		AA0000000000000000000071 /* Build configuration list for PBXNativeTarget "CrownKeepNative" */ = {
			isa = XCConfigurationList;
			buildConfigurations = (
				AA0000000000000000000090 /* Debug */,
				AA0000000000000000000091 /* Release */,
			);
			defaultConfigurationIsVisible = 0;
			defaultConfigurationName = Release;
		};
/* End XCConfigurationList section */
	};
	rootObject = AA0000000000000000000060 /* Project object */;
}
